
Microsoft Visual Studio Solution File, Format Version 12.00
# Visual Studio 15
VisualStudioVersion = 15.0.28010.2048
MinimumVisualStudioVersion = 10.0.40219.1
Project("{FAE04EC0-301F-11D3-BF4B-00C04F79EFBC}") = "Choice Phobia Disorder Saver", "Choice Phobia Disorder Saver\Choice Phobia Disorder Saver.csproj", "{DDBA784B-F9D8-4E00-916C-64ED4C8C88CD}"
EndProject
Project("{2150E333-8FDC-42A3-9474-1A3956D46DE8}") = "Solution Items", "Solution Items", "{4CFB1BA9-9414-4822-930D-154EF25DE1EF}"
	ProjectSection(SolutionItems) = preProject
		ReadMe.md = ReadMe.md
	EndProjectSection
EndProject
Global
	GlobalSection(SolutionConfigurationPlatforms) = preSolution
		Debug|Any CPU = Debug|Any CPU
		Release|Any CPU = Release|Any CPU
	EndGlobalSection
	GlobalSection(ProjectConfigurationPlatforms) = postSolution
		{DDBA784B-F9D8-4E00-916C-64ED4C8C88CD}.Debug|Any CPU.ActiveCfg = Debug|Any CPU
		{DDBA784B-F9D8-4E00-916C-64ED4C8C88CD}.Debug|Any CPU.Build.0 = Debug|Any CPU
		{DDBA784B-F9D8-4E00-916C-64ED4C8C88CD}.Release|Any CPU.ActiveCfg = Release|Any CPU
		{DDBA784B-F9D8-4E00-916C-64ED4C8C88CD}.Release|Any CPU.Build.0 = Release|Any CPU
	EndGlobalSection
	GlobalSection(SolutionProperties) = preSolution
		HideSolutionNode = FALSE
	EndGlobalSection
	GlobalSection(ExtensibilityGlobals) = postSolution
		SolutionGuid = {DCDC003C-812E-4C50-AAB6-6C2EFE25E285}
	EndGlobalSection
EndGlobal
